
Microsoft Visual Studio Solution File, Format Version 12.00
# Visual Studio Version 17
VisualStudioVersion = 17.8.34330.188
MinimumVisualStudioVersion = 10.0.40219.1
Project("{FAE04EC0-301F-11D3-BF4B-00C04F79EFBC}") = "JoePizzaProject", "JoePizzaProject\JoePizzaProject.csproj", "{53081144-85DB-4E03-9C29-4839E4D051EA}"
EndProject
Global
	GlobalSection(SolutionConfigurationPlatforms) = preSolution
		Debug|Any CPU = Debug|Any CPU
		Release|Any CPU = Release|Any CPU
	EndGlobalSection
	GlobalSection(ProjectConfigurationPlatforms) = postSolution
		{53081144-85DB-4E03-9C29-4839E4D051EA}.Debug|Any CPU.ActiveCfg = Debug|Any CPU
		{53081144-85DB-4E03-9C29-4839E4D051EA}.Debug|Any CPU.Build.0 = Debug|Any CPU
		{53081144-85DB-4E03-9C29-4839E4D051EA}.Release|Any CPU.ActiveCfg = Release|Any CPU
		{53081144-85DB-4E03-9C29-4839E4D051EA}.Release|Any CPU.Build.0 = Release|Any CPU
	EndGlobalSection
	GlobalSection(SolutionProperties) = preSolution
		HideSolutionNode = FALSE
	EndGlobalSection
	GlobalSection(ExtensibilityGlobals) = postSolution
		SolutionGuid = {46E6A297-B2A6-4E40-8D0A-0798B7940DD0}
	EndGlobalSection
EndGlobal
